
Microsoft Visual Studio Solution File, Format Version 12.00
# Visual Studio Version 17
VisualStudioVersion = 17.9.34723.18
MinimumVisualStudioVersion = 10.0.40219.1
Project("{FAE04EC0-301F-11D3-BF4B-00C04F79EFBC}") = "MVC_employee_without_DB", "MVC_employee_without_DB.csproj", "{01467B6E-B7EC-4246-B305-BBAB87DCF3FC}"
EndProject
Global
	GlobalSection(SolutionConfigurationPlatforms) = preSolution
		Debug|Any CPU = Debug|Any CPU
		Release|Any CPU = Release|Any CPU
	EndGlobalSection
	GlobalSection(ProjectConfigurationPlatforms) = postSolution
		{01467B6E-B7EC-4246-B305-BBAB87DCF3FC}.Debug|Any CPU.ActiveCfg = Debug|Any CPU
		{01467B6E-B7EC-4246-B305-BBAB87DCF3FC}.Debug|Any CPU.Build.0 = Debug|Any CPU
		{01467B6E-B7EC-4246-B305-BBAB87DCF3FC}.Release|Any CPU.ActiveCfg = Release|Any CPU
		{01467B6E-B7EC-4246-B305-BBAB87DCF3FC}.Release|Any CPU.Build.0 = Release|Any CPU
	EndGlobalSection
	GlobalSection(SolutionProperties) = preSolution
		HideSolutionNode = FALSE
	EndGlobalSection
	GlobalSection(ExtensibilityGlobals) = postSolution
		SolutionGuid = {761D1F0E-37C8-4CB1-8EB8-089454D20293}
	EndGlobalSection
EndGlobal
